
Microsoft Visual Studio Solution File, Format Version 12.00
# Visual Studio Version 16
VisualStudioVersion = 16.0.31205.134
MinimumVisualStudioVersion = 10.0.40219.1
Project("{FAE04EC0-301F-11D3-BF4B-00C04F79EFBC}") = "socket server programming", "socket server programming.csproj", "{934C5B7C-5FCE-4B69-9774-DC97E398F785}"
EndProject
Global
	GlobalSection(SolutionConfigurationPlatforms) = preSolution
		Debug|Any CPU = Debug|Any CPU
		Release|Any CPU = Release|Any CPU
	EndGlobalSection
	GlobalSection(ProjectConfigurationPlatforms) = postSolution
		{934C5B7C-5FCE-4B69-9774-DC97E398F785}.Debug|Any CPU.ActiveCfg = Debug|Any CPU
		{934C5B7C-5FCE-4B69-9774-DC97E398F785}.Debug|Any CPU.Build.0 = Debug|Any CPU
		{934C5B7C-5FCE-4B69-9774-DC97E398F785}.Release|Any CPU.ActiveCfg = Release|Any CPU
		{934C5B7C-5FCE-4B69-9774-DC97E398F785}.Release|Any CPU.Build.0 = Release|Any CPU
	EndGlobalSection
	GlobalSection(SolutionProperties) = preSolution
		HideSolutionNode = FALSE
	EndGlobalSection
	GlobalSection(ExtensibilityGlobals) = postSolution
		SolutionGuid = {9448A145-C851-4E98-B7D7-70EB6BDF1EBF}
	EndGlobalSection
EndGlobal
